// !$*UTF8*$!
{
	archiveVersion = 1;
	classes = {
	};
	objectVersion = 55;
	objects = {

/* Begin PBXBuildFile section */
		D095D37C2B5F6EAD009738C0 /* ListViewApp.swift in Sources */ = {isa = PBXBuildFile; fileRef = D095D37B2B5F6EAD009738C0 /* ListViewApp.swift */; };
		D095D37E2B5F6EAD009738C0 /* ContentView.swift in Sources */ = {isa = PBXBuildFile; fileRef = D095D37D2B5F6EAD009738C0 /* ContentView.swift */; };
		D095D3802B5F6EB1009738C0 /* Assets.xcassets in Resources */ = {isa = PBXBuildFile; fileRef = D095D37F2B5F6EB1009738C0 /* Assets.xcassets */; };
		D095D3832B5F6EB1009738C0 /* Preview Assets.xcassets in Resources */ = {isa = PBXBuildFile; fileRef = D095D3822B5F6EB1009738C0 /* Preview Assets.xcassets */; };
		D095D3852B5F6EB1009738C0 /* Persistence.swift in Sources */ = {isa = PBXBuildFile; fileRef = D095D3842B5F6EB1009738C0 /* Persistence.swift */; };
		D095D3882B5F6EB1009738C0 /* ListView.xcdatamodeld in Sources */ = {isa = PBXBuildFile; fileRef = D095D3862B5F6EB1009738C0 /* ListView.xcdatamodeld */; };
		D095D3902B5F6F26009738C0 /* Programmer.swift in Sources */ = {isa = PBXBuildFile; fileRef = D095D38F2B5F6F26009738C0 /* Programmer.swift */; };
		D095D3932B5F6F84009738C0 /* DetailView.swift in Sources */ = {isa = PBXBuildFile; fileRef = D095D3922B5F6F84009738C0 /* DetailView.swift */; };
		D095D3952B5F755F009738C0 /* RowView.swift in Sources */ = {isa = PBXBuildFile; fileRef = D095D3942B5F755F009738C0 /* RowView.swift */; };
/* End PBXBuildFile section */

/* Begin PBXFileReference section */
		D095D3782B5F6EAD009738C0 /* ListView.app */ = {isa = PBXFileReference; explicitFileType = wrapper.application; includeInIndex = 0; path = ListView.app; sourceTree = BUILT_PRODUCTS_DIR; };
		D095D37B2B5F6EAD009738C0 /* ListViewApp.swift */ = {isa = PBXFileReference; lastKnownFileType = sourcecode.swift; path = ListViewApp.swift; sourceTree = "<group>"; };
		D095D37D2B5F6EAD009738C0 /* ContentView.swift */ = {isa = PBXFileReference; lastKnownFileType = sourcecode.swift; path = ContentView.swift; sourceTree = "<group>"; };
		D095D37F2B5F6EB1009738C0 /* Assets.xcassets */ = {isa = PBXFileReference; lastKnownFileType = folder.assetcatalog; path = Assets.xcassets; sourceTree = "<group>"; };
		D095D3822B5F6EB1009738C0 /* Preview Assets.xcassets */ = {isa = PBXFileReference; lastKnownFileType = folder.assetcatalog; path = "Preview Assets.xcassets"; sourceTree = "<group>"; };
		D095D3842B5F6EB1009738C0 /* Persistence.swift */ = {isa = PBXFileReference; lastKnownFileType = sourcecode.swift; path = Persistence.swift; sourceTree = "<group>"; };
		D095D3872B5F6EB1009738C0 /* ListView.xcdatamodel */ = {isa = PBXFileReference; lastKnownFileType = wrapper.xcdatamodel; path = ListView.xcdatamodel; sourceTree = "<group>"; };
		D095D38F2B5F6F26009738C0 /* Programmer.swift */ = {isa = PBXFileReference; lastKnownFileType = sourcecode.swift; path = Programmer.swift; sourceTree = "<group>"; };
		D095D3922B5F6F84009738C0 /* DetailView.swift */ = {isa = PBXFileReference; lastKnownFileType = sourcecode.swift; path = DetailView.swift; sourceTree = "<group>"; };
		D095D3942B5F755F009738C0 /* RowView.swift */ = {isa = PBXFileReference; lastKnownFileType = sourcecode.swift; path = RowView.swift; sourceTree = "<group>"; };
/* End PBXFileReference section */

/* Begin PBXFrameworksBuildPhase section */
		D095D3752B5F6EAD009738C0 /* Frameworks */ = {
			isa = PBXFrameworksBuildPhase;
			buildActionMask = 2147483647;
			files = (
			);
			runOnlyForDeploymentPostprocessing = 0;
		};
/* End PBXFrameworksBuildPhase section */

/* Begin PBXGroup section */
		D095D36F2B5F6EAD009738C0 = {
			isa = PBXGroup;
			children = (
				D095D37A2B5F6EAD009738C0 /* ListView */,
				D095D3792B5F6EAD009738C0 /* Products */,
			);
			sourceTree = "<group>";
		};
		D095D3792B5F6EAD009738C0 /* Products */ = {
			isa = PBXGroup;
			children = (
				D095D3782B5F6EAD009738C0 /* ListView.app */,
			);
			name = Products;
			sourceTree = "<group>";
		};
		D095D37A2B5F6EAD009738C0 /* ListView */ = {
			isa = PBXGroup;
			children = (
				D095D37B2B5F6EAD009738C0 /* ListViewApp.swift */,
				D095D38E2B5F6F14009738C0 /* Model */,
				D095D37D2B5F6EAD009738C0 /* ContentView.swift */,
				D095D37F2B5F6EB1009738C0 /* Assets.xcassets */,
				D095D3842B5F6EB1009738C0 /* Persistence.swift */,
				D095D3912B5F6F70009738C0 /* Views */,
				D095D3862B5F6EB1009738C0 /* ListView.xcdatamodeld */,
				D095D3812B5F6EB1009738C0 /* Preview Content */,
			);
			path = ListView;
			sourceTree = "<group>";
		};
		D095D3812B5F6EB1009738C0 /* Preview Content */ = {
			isa = PBXGroup;
			children = (
				D095D3822B5F6EB1009738C0 /* Preview Assets.xcassets */,
			);
			path = "Preview Content";
			sourceTree = "<group>";
		};
		D095D38E2B5F6F14009738C0 /* Model */ = {
			isa = PBXGroup;
			children = (
				D095D38F2B5F6F26009738C0 /* Programmer.swift */,
			);
			path = Model;
			sourceTree = "<group>";
		};
		D095D3912B5F6F70009738C0 /* Views */ = {
			isa = PBXGroup;
			children = (
				D095D3922B5F6F84009738C0 /* DetailView.swift */,
				D095D3942B5F755F009738C0 /* RowView.swift */,
			);
			path = Views;
			sourceTree = "<group>";
		};
/* End PBXGroup section */

/* Begin PBXNativeTarget section */
		D095D3772B5F6EAD009738C0 /* ListView */ = {
			isa = PBXNativeTarget;
			buildConfigurationList = D095D38B2B5F6EB1009738C0 /* Build configuration list for PBXNativeTarget "ListView" */;
			buildPhases = (
				D095D3742B5F6EAD009738C0 /* Sources */,
				D095D3752B5F6EAD009738C0 /* Frameworks */,
				D095D3762B5F6EAD009738C0 /* Resources */,
			);
			buildRules = (
			);
			dependencies = (
			);
			name = ListView;
			productName = ListView;
			productReference = D095D3782B5F6EAD009738C0 /* ListView.app */;
			productType = "com.apple.product-type.application";
		};
/* End PBXNativeTarget section */

/* Begin PBXProject section */
		D095D3702B5F6EAD009738C0 /* Project object */ = {
			isa = PBXProject;
			attributes = {
				BuildIndependentTargetsInParallel = 1;
				LastSwiftUpdateCheck = 1340;
				LastUpgradeCheck = 1340;
				TargetAttributes = {
					D095D3772B5F6EAD009738C0 = {
						CreatedOnToolsVersion = 13.4.1;
					};
				};
			};
			buildConfigurationList = D095D3732B5F6EAD009738C0 /* Build configuration list for PBXProject "ListView" */;
			compatibilityVersion = "Xcode 13.0";
			developmentRegion = en;
			hasScannedForEncodings = 0;
			knownRegions = (
				en,
				Base,
			);
			mainGroup = D095D36F2B5F6EAD009738C0;
			productRefGroup = D095D3792B5F6EAD009738C0 /* Products */;
			projectDirPath = "";
			projectRoot = "";
			targets = (
				D095D3772B5F6EAD009738C0 /* ListView */,
			);
		};
/* End PBXProject section */

/* Begin PBXResourcesBuildPhase section */
		D095D3762B5F6EAD009738C0 /* Resources */ = {
			isa = PBXResourcesBuildPhase;
			buildActionMask = 2147483647;
			files = (
				D095D3832B5F6EB1009738C0 /* Preview Assets.xcassets in Resources */,
				D095D3802B5F6EB1009738C0 /* Assets.xcassets in Resources */,
			);
			runOnlyForDeploymentPostprocessing = 0;
		};
/* End PBXResourcesBuildPhase section */

/* Begin PBXSourcesBuildPhase section */
		D095D3742B5F6EAD009738C0 /* Sources */ = {
			isa = PBXSourcesBuildPhase;
			buildActionMask = 2147483647;
			files = (
				D095D3902B5F6F26009738C0 /* Programmer.swift in Sources */,
				D095D3882B5F6EB1009738C0 /* ListView.xcdatamodeld in Sources */,
				D095D3952B5F755F009738C0 /* RowView.swift in Sources */,
				D095D3852B5F6EB1009738C0 /* Persistence.swift in Sources */,
				D095D3932B5F6F84009738C0 /* DetailView.swift in Sources */,
				D095D37E2B5F6EAD009738C0 /* ContentView.swift in Sources */,
				D095D37C2B5F6EAD009738C0 /* ListViewApp.swift in Sources */,
			);
			runOnlyForDeploymentPostprocessing = 0;
		};
/* End PBXSourcesBuildPhase section */

/* Begin XCBuildConfiguration section */
		D095D3892B5F6EB1009738C0 /* Debug */ = {
			isa = XCBuildConfiguration;
			buildSettings = {
				ALWAYS_SEARCH_USER_PATHS = NO;
				CLANG_ANALYZER_NONNULL = YES;
				CLANG_ANALYZER_NUMBER_OBJECT_CONVERSION = YES_AGGRESSIVE;
				CLANG_CXX_LANGUAGE_STANDARD = "gnu++17";
				CLANG_ENABLE_MODULES = YES;
				CLANG_ENABLE_OBJC_ARC = YES;
				CLANG_ENABLE_OBJC_WEAK = YES;
				CLANG_WARN_BLOCK_CAPTURE_AUTORELEASING = YES;
				CLANG_WARN_BOOL_CONVERSION = YES;
				CLANG_WARN_COMMA = YES;
				CLANG_WARN_CONSTANT_CONVERSION = YES;
				CLANG_WARN_DEPRECATED_OBJC_IMPLEMENTATIONS = YES;
				CLANG_WARN_DIRECT_OBJC_ISA_USAGE = YES_ERROR;
				CLANG_WARN_DOCUMENTATION_COMMENTS = YES;
				CLANG_WARN_EMPTY_BODY = YES;
				CLANG_WARN_ENUM_CONVERSION = YES;
				CLANG_WARN_INFINITE_RECURSION = YES;
				CLANG_WARN_INT_CONVERSION = YES;
				CLANG_WARN_NON_LITERAL_NULL_CONVERSION = YES;
				CLANG_WARN_OBJC_IMPLICIT_RETAIN_SELF = YES;
				CLANG_WARN_OBJC_LITERAL_CONVERSION = YES;
				CLANG_WARN_OBJC_ROOT_CLASS = YES_ERROR;
				CLANG_WARN_QUOTED_INCLUDE_IN_FRAMEWORK_HEADER = YES;
				CLANG_WARN_RANGE_LOOP_ANALYSIS = YES;
				CLANG_WARN_STRICT_PROTOTYPES = YES;
				CLANG_WARN_SUSPICIOUS_MOVE = YES;
				CLANG_WARN_UNGUARDED_AVAILABILITY = YES_AGGRESSIVE;
				CLANG_WARN_UNREACHABLE_CODE = YES;
				CLANG_WARN__DUPLICATE_METHOD_MATCH = YES;
				COPY_PHASE_STRIP = NO;
				DEBUG_INFORMATION_FORMAT = dwarf;
				ENABLE_STRICT_OBJC_MSGSEND = YES;
				ENABLE_TESTABILITY = YES;
				GCC_C_LANGUAGE_STANDARD = gnu11;
				GCC_DYNAMIC_NO_PIC = NO;
				GCC_NO_COMMON_BLOCKS = YES;
				GCC_OPTIMIZATION_LEVEL = 0;
				GCC_PREPROCESSOR_DEFINITIONS = (
					"DEBUG=1",
					"$(inherited)",
				);
				GCC_WARN_64_TO_32_BIT_CONVERSION = YES;
				GCC_WARN_ABOUT_RETURN_TYPE = YES_ERROR;
				GCC_WARN_UNDECLARED_SELECTOR = YES;
				GCC_WARN_UNINITIALIZED_AUTOS = YES_AGGRESSIVE;
				GCC_WARN_UNUSED_FUNCTION = YES;
				GCC_WARN_UNUSED_VARIABLE = YES;
				IPHONEOS_DEPLOYMENT_TARGET = 15.5;
				MTL_ENABLE_DEBUG_INFO = INCLUDE_SOURCE;
				MTL_FAST_MATH = YES;
				ONLY_ACTIVE_ARCH = YES;
				SDKROOT = iphoneos;
				SWIFT_ACTIVE_COMPILATION_CONDITIONS = DEBUG;
				SWIFT_OPTIMIZATION_LEVEL = "-Onone";
			};
			name = Debug;
		};
		D095D38A2B5F6EB1009738C0 /* Release */ = {
			isa = XCBuildConfiguration;
			buildSettings = {
				ALWAYS_SEARCH_USER_PATHS = NO;
				CLANG_ANALYZER_NONNULL = YES;
				CLANG_ANALYZER_NUMBER_OBJECT_CONVERSION = YES_AGGRESSIVE;
				CLANG_CXX_LANGUAGE_STANDARD = "gnu++17";
				CLANG_ENABLE_MODULES = YES;
				CLANG_ENABLE_OBJC_ARC = YES;
				CLANG_ENABLE_OBJC_WEAK = YES;
				CLANG_WARN_BLOCK_CAPTURE_AUTORELEASING = YES;
				CLANG_WARN_BOOL_CONVERSION = YES;
				CLANG_WARN_COMMA = YES;
				CLANG_WARN_CONSTANT_CONVERSION = YES;
				CLANG_WARN_DEPRECATED_OBJC_IMPLEMENTATIONS = YES;
				CLANG_WARN_DIRECT_OBJC_ISA_USAGE = YES_ERROR;
				CLANG_WARN_DOCUMENTATION_COMMENTS = YES;
				CLANG_WARN_EMPTY_BODY = YES;
				CLANG_WARN_ENUM_CONVERSION = YES;
				CLANG_WARN_INFINITE_RECURSION = YES;
				CLANG_WARN_INT_CONVERSION = YES;
				CLANG_WARN_NON_LITERAL_NULL_CONVERSION = YES;
				CLANG_WARN_OBJC_IMPLICIT_RETAIN_SELF = YES;
				CLANG_WARN_OBJC_LITERAL_CONVERSION = YES;
				CLANG_WARN_OBJC_ROOT_CLASS = YES_ERROR;
				CLANG_WARN_QUOTED_INCLUDE_IN_FRAMEWORK_HEADER = YES;
				CLANG_WARN_RANGE_LOOP_ANALYSIS = YES;
				CLANG_WARN_STRICT_PROTOTYPES = YES;
				CLANG_WARN_SUSPICIOUS_MOVE = YES;
				CLANG_WARN_UNGUARDED_AVAILABILITY = YES_AGGRESSIVE;
				CLANG_WARN_UNREACHABLE_CODE = YES;
				CLANG_WARN__DUPLICATE_METHOD_MATCH = YES;
				COPY_PHASE_STRIP = NO;
				DEBUG_INFORMATION_FORMAT = "dwarf-with-dsym";
				ENABLE_NS_ASSERTIONS = NO;
				ENABLE_STRICT_OBJC_MSGSEND = YES;
				GCC_C_LANGUAGE_STANDARD = gnu11;
				GCC_NO_COMMON_BLOCKS = YES;
				GCC_WARN_64_TO_32_BIT_CONVERSION = YES;
				GCC_WARN_ABOUT_RETURN_TYPE = YES_ERROR;
				GCC_WARN_UNDECLARED_SELECTOR = YES;
				GCC_WARN_UNINITIALIZED_AUTOS = YES_AGGRESSIVE;
				GCC_WARN_UNUSED_FUNCTION = YES;
				GCC_WARN_UNUSED_VARIABLE = YES;
				IPHONEOS_DEPLOYMENT_TARGET = 15.5;
				MTL_ENABLE_DEBUG_INFO = NO;
				MTL_FAST_MATH = YES;
				SDKROOT = iphoneos;
				SWIFT_COMPILATION_MODE = wholemodule;
				SWIFT_OPTIMIZATION_LEVEL = "-O";
				VALIDATE_PRODUCT = YES;
			};
			name = Release;
		};
		D095D38C2B5F6EB1009738C0 /* Debug */ = {
			isa = XCBuildConfiguration;
			buildSettings = {
				ASSETCATALOG_COMPILER_APPICON_NAME = AppIcon;
				ASSETCATALOG_COMPILER_GLOBAL_ACCENT_COLOR_NAME = AccentColor;
				CODE_SIGN_STYLE = Automatic;
				CURRENT_PROJECT_VERSION = 1;
				DEVELOPMENT_ASSET_PATHS = "\"ListView/Preview Content\"";
				DEVELOPMENT_TEAM = PTL2N232DX;
				ENABLE_PREVIEWS = YES;
				GENERATE_INFOPLIST_FILE = YES;
				INFOPLIST_KEY_UIApplicationSceneManifest_Generation = YES;
				INFOPLIST_KEY_UIApplicationSupportsIndirectInputEvents = YES;
				INFOPLIST_KEY_UILaunchScreen_Generation = YES;
				INFOPLIST_KEY_UISupportedInterfaceOrientations_iPad = "UIInterfaceOrientationPortrait UIInterfaceOrientationPortraitUpsideDown UIInterfaceOrientationLandscapeLeft UIInterfaceOrientationLandscapeRight";
				INFOPLIST_KEY_UISupportedInterfaceOrientations_iPhone = "UIInterfaceOrientationPortrait UIInterfaceOrientationLandscapeLeft UIInterfaceOrientationLandscapeRight";
				LD_RUNPATH_SEARCH_PATHS = (
					"$(inherited)",
					"@executable_path/Frameworks",
				);
				MARKETING_VERSION = 1.0;
				PRODUCT_BUNDLE_IDENTIFIER = com.listView.ListView;
				PRODUCT_NAME = "$(TARGET_NAME)";
				SWIFT_EMIT_LOC_STRINGS = YES;
				SWIFT_VERSION = 5.0;
				TARGETED_DEVICE_FAMILY = "1,2";
			};
			name = Debug;
		};
		D095D38D2B5F6EB1009738C0 /* Release */ = {
			isa = XCBuildConfiguration;
			buildSettings = {
				ASSETCATALOG_COMPILER_APPICON_NAME = AppIcon;
				ASSETCATALOG_COMPILER_GLOBAL_ACCENT_COLOR_NAME = AccentColor;
				CODE_SIGN_STYLE = Automatic;
				CURRENT_PROJECT_VERSION = 1;
				DEVELOPMENT_ASSET_PATHS = "\"ListView/Preview Content\"";
				DEVELOPMENT_TEAM = PTL2N232DX;
				ENABLE_PREVIEWS = YES;
				GENERATE_INFOPLIST_FILE = YES;
				INFOPLIST_KEY_UIApplicationSceneManifest_Generation = YES;
				INFOPLIST_KEY_UIApplicationSupportsIndirectInputEvents = YES;
				INFOPLIST_KEY_UILaunchScreen_Generation = YES;
				INFOPLIST_KEY_UISupportedInterfaceOrientations_iPad = "UIInterfaceOrientationPortrait UIInterfaceOrientationPortraitUpsideDown UIInterfaceOrientationLandscapeLeft UIInterfaceOrientationLandscapeRight";
				INFOPLIST_KEY_UISupportedInterfaceOrientations_iPhone = "UIInterfaceOrientationPortrait UIInterfaceOrientationLandscapeLeft UIInterfaceOrientationLandscapeRight";
				LD_RUNPATH_SEARCH_PATHS = (
					"$(inherited)",
					"@executable_path/Frameworks",
				);
				MARKETING_VERSION = 1.0;
				PRODUCT_BUNDLE_IDENTIFIER = com.listView.ListView;
				PRODUCT_NAME = "$(TARGET_NAME)";
				SWIFT_EMIT_LOC_STRINGS = YES;
				SWIFT_VERSION = 5.0;
				TARGETED_DEVICE_FAMILY = "1,2";
			};
			name = Release;
		};
/* End XCBuildConfiguration section */

/* Begin XCConfigurationList section */
		D095D3732B5F6EAD009738C0 /* Build configuration list for PBXProject "ListView" */ = {
			isa = XCConfigurationList;
			buildConfigurations = (
				D095D3892B5F6EB1009738C0 /* Debug */,
				D095D38A2B5F6EB1009738C0 /* Release */,
			);
			defaultConfigurationIsVisible = 0;
			defaultConfigurationName = Release;
		};
		D095D38B2B5F6EB1009738C0 /* Build configuration list for PBXNativeTarget "ListView" */ = {
			isa = XCConfigurationList;
			buildConfigurations = (
				D095D38C2B5F6EB1009738C0 /* Debug */,
				D095D38D2B5F6EB1009738C0 /* Release */,
			);
			defaultConfigurationIsVisible = 0;
			defaultConfigurationName = Release;
		};
/* End XCConfigurationList section */

/* Begin XCVersionGroup section */
		D095D3862B5F6EB1009738C0 /* ListView.xcdatamodeld */ = {
			isa = XCVersionGroup;
			children = (
				D095D3872B5F6EB1009738C0 /* ListView.xcdatamodel */,
			);
			currentVersion = D095D3872B5F6EB1009738C0 /* ListView.xcdatamodel */;
			path = ListView.xcdatamodeld;
			sourceTree = "<group>";
			versionGroupType = wrapper.xcdatamodel;
		};
/* End XCVersionGroup section */
	};
	rootObject = D095D3702B5F6EAD009738C0 /* Project object */;
}
